
Microsoft Visual Studio Solution File, Format Version 12.00
# Visual Studio Version 17
VisualStudioVersion = 17.8.34525.116
MinimumVisualStudioVersion = 10.0.40219.1
Project("{FAE04EC0-301F-11D3-BF4B-00C04F79EFBC}") = "Find-Values-In-Txt", "Become-A-Developer-2024-View\Find-Values-In-Txt.csproj", "{AEE25A9B-E7AC-4F35-AB41-D7F4B6AC0F3C}"
EndProject
Global
	GlobalSection(SolutionConfigurationPlatforms) = preSolution
		Debug|Any CPU = Debug|Any CPU
		Release|Any CPU = Release|Any CPU
	EndGlobalSection
	GlobalSection(ProjectConfigurationPlatforms) = postSolution
		{AEE25A9B-E7AC-4F35-AB41-D7F4B6AC0F3C}.Debug|Any CPU.ActiveCfg = Debug|Any CPU
		{AEE25A9B-E7AC-4F35-AB41-D7F4B6AC0F3C}.Debug|Any CPU.Build.0 = Debug|Any CPU
		{AEE25A9B-E7AC-4F35-AB41-D7F4B6AC0F3C}.Release|Any CPU.ActiveCfg = Release|Any CPU
		{AEE25A9B-E7AC-4F35-AB41-D7F4B6AC0F3C}.Release|Any CPU.Build.0 = Release|Any CPU
	EndGlobalSection
	GlobalSection(SolutionProperties) = preSolution
		HideSolutionNode = FALSE
	EndGlobalSection
	GlobalSection(ExtensibilityGlobals) = postSolution
		SolutionGuid = {B072B029-5D59-4618-A3C9-F5697D2713B3}
	EndGlobalSection
EndGlobal
